
Microsoft Visual Studio Solution File, Format Version 12.00
# Visual Studio Version 17
VisualStudioVersion = 17.0.31912.275
MinimumVisualStudioVersion = 10.0.40219.1
Project("{9A19103F-16F7-4668-BE54-9A1E7A4F7556}") = "Download.Test", "Download.Test\Download.Test.csproj", "{37D84103-781B-41B6-B24A-5B7F8DA4065E}"
EndProject
Project("{9A19103F-16F7-4668-BE54-9A1E7A4F7556}") = "Download", "Download\Download.csproj", "{5C504B6F-4119-438E-BD19-86665664AF96}"
EndProject
Project("{FAE04EC0-301F-11D3-BF4B-00C04F79EFBC}") = "Download.Test.Server", "Download.Test.Server\Download.Test.Server.csproj", "{7075355B-6E94-41A7-8FF0-37D7FD08C93A}"
EndProject
Global
	GlobalSection(SolutionConfigurationPlatforms) = preSolution
		Debug|Any CPU = Debug|Any CPU
		Release|Any CPU = Release|Any CPU
	EndGlobalSection
	GlobalSection(ProjectConfigurationPlatforms) = postSolution
		{37D84103-781B-41B6-B24A-5B7F8DA4065E}.Debug|Any CPU.ActiveCfg = Debug|Any CPU
		{37D84103-781B-41B6-B24A-5B7F8DA4065E}.Debug|Any CPU.Build.0 = Debug|Any CPU
		{37D84103-781B-41B6-B24A-5B7F8DA4065E}.Release|Any CPU.ActiveCfg = Release|Any CPU
		{37D84103-781B-41B6-B24A-5B7F8DA4065E}.Release|Any CPU.Build.0 = Release|Any CPU
		{5C504B6F-4119-438E-BD19-86665664AF96}.Debug|Any CPU.ActiveCfg = Debug|Any CPU
		{5C504B6F-4119-438E-BD19-86665664AF96}.Debug|Any CPU.Build.0 = Debug|Any CPU
		{5C504B6F-4119-438E-BD19-86665664AF96}.Release|Any CPU.ActiveCfg = Release|Any CPU
		{5C504B6F-4119-438E-BD19-86665664AF96}.Release|Any CPU.Build.0 = Release|Any CPU
		{7075355B-6E94-41A7-8FF0-37D7FD08C93A}.Debug|Any CPU.ActiveCfg = Debug|Any CPU
		{7075355B-6E94-41A7-8FF0-37D7FD08C93A}.Debug|Any CPU.Build.0 = Debug|Any CPU
		{7075355B-6E94-41A7-8FF0-37D7FD08C93A}.Release|Any CPU.ActiveCfg = Release|Any CPU
		{7075355B-6E94-41A7-8FF0-37D7FD08C93A}.Release|Any CPU.Build.0 = Release|Any CPU
	EndGlobalSection
	GlobalSection(SolutionProperties) = preSolution
		HideSolutionNode = FALSE
	EndGlobalSection
	GlobalSection(ExtensibilityGlobals) = postSolution
		SolutionGuid = {93AC8FB1-1F52-446C-A3FC-C147CEAFA467}
	EndGlobalSection
EndGlobal
